
Microsoft Visual Studio Solution File, Format Version 12.00
# Visual Studio Version 17
VisualStudioVersion = 17.2.32519.379
MinimumVisualStudioVersion = 10.0.40219.1
Project("{9A19103F-16F7-4668-BE54-9A1E7A4F7556}") = "Bt.core", "Bt.core.csproj", "{52148433-63E0-4197-B09F-B3604BEE726D}"
EndProject
Global
	GlobalSection(SolutionConfigurationPlatforms) = preSolution
		Debug|Any CPU = Debug|Any CPU
		Release|Any CPU = Release|Any CPU
	EndGlobalSection
	GlobalSection(ProjectConfigurationPlatforms) = postSolution
		{52148433-63E0-4197-B09F-B3604BEE726D}.Debug|Any CPU.ActiveCfg = Debug|Any CPU
		{52148433-63E0-4197-B09F-B3604BEE726D}.Debug|Any CPU.Build.0 = Debug|Any CPU
		{52148433-63E0-4197-B09F-B3604BEE726D}.Release|Any CPU.ActiveCfg = Release|Any CPU
		{52148433-63E0-4197-B09F-B3604BEE726D}.Release|Any CPU.Build.0 = Release|Any CPU
	EndGlobalSection
	GlobalSection(SolutionProperties) = preSolution
		HideSolutionNode = FALSE
	EndGlobalSection
	GlobalSection(ExtensibilityGlobals) = postSolution
		SolutionGuid = {6E256DD2-D54C-41DE-A9F7-06A97CC83867}
	EndGlobalSection
EndGlobal
